
Microsoft Visual Studio Solution File, Format Version 12.00
# Visual Studio Version 16
VisualStudioVersion = 16.0.30907.101
MinimumVisualStudioVersion = 10.0.40219.1
Project("{151D2E53-A2C4-4D7D-83FE-D05416EBD58E}") = "SFTPLogicApp", "SFTPLogicApp\SFTPLogicApp.deployproj", "{6EAC0767-0123-4FCD-BEFB-19101D8B07EE}"
EndProject
Global
	GlobalSection(SolutionConfigurationPlatforms) = preSolution
		Debug|Any CPU = Debug|Any CPU
		Release|Any CPU = Release|Any CPU
	EndGlobalSection
	GlobalSection(ProjectConfigurationPlatforms) = postSolution
		{6EAC0767-0123-4FCD-BEFB-19101D8B07EE}.Debug|Any CPU.ActiveCfg = Debug|Any CPU
		{6EAC0767-0123-4FCD-BEFB-19101D8B07EE}.Debug|Any CPU.Build.0 = Debug|Any CPU
		{6EAC0767-0123-4FCD-BEFB-19101D8B07EE}.Release|Any CPU.ActiveCfg = Release|Any CPU
		{6EAC0767-0123-4FCD-BEFB-19101D8B07EE}.Release|Any CPU.Build.0 = Release|Any CPU
	EndGlobalSection
	GlobalSection(SolutionProperties) = preSolution
		HideSolutionNode = FALSE
	EndGlobalSection
	GlobalSection(ExtensibilityGlobals) = postSolution
		SolutionGuid = {C9028648-63D1-498C-A628-D8AB9DE6D27F}
	EndGlobalSection
	GlobalSection(TeamFoundationVersionControl) = preSolution
		SccNumberOfProjects = 2
		SccEnterpriseProvider = {4CA58AB2-18FA-4F8D-95D4-32DDF27D184C}
		SccTeamFoundationServer = https://nimccoll.visualstudio.com/
		SccLocalPath0 = .
		SccProjectUniqueName1 = SFTPLogicApp\\SFTPLogicApp.deployproj
		SccProjectName1 = SFTPLogicApp
		SccLocalPath1 = SFTPLogicApp
	EndGlobalSection
EndGlobal
